
Microsoft Visual Studio Solution File, Format Version 12.00
# Visual Studio Version 16
VisualStudioVersion = 16.0.30517.126
MinimumVisualStudioVersion = 10.0.40219.1
Project("{FAE04EC0-301F-11D3-BF4B-00C04F79EFBC}") = "Lab3", "Lab3\Lab3.csproj", "{AB33CEAD-0F19-4496-AFE9-99BE882FDAB5}"
EndProject
Global
	GlobalSection(SolutionConfigurationPlatforms) = preSolution
		Debug|Any CPU = Debug|Any CPU
		Release|Any CPU = Release|Any CPU
	EndGlobalSection
	GlobalSection(ProjectConfigurationPlatforms) = postSolution
		{AB33CEAD-0F19-4496-AFE9-99BE882FDAB5}.Debug|Any CPU.ActiveCfg = Debug|Any CPU
		{AB33CEAD-0F19-4496-AFE9-99BE882FDAB5}.Debug|Any CPU.Build.0 = Debug|Any CPU
		{AB33CEAD-0F19-4496-AFE9-99BE882FDAB5}.Release|Any CPU.ActiveCfg = Release|Any CPU
		{AB33CEAD-0F19-4496-AFE9-99BE882FDAB5}.Release|Any CPU.Build.0 = Release|Any CPU
	EndGlobalSection
	GlobalSection(SolutionProperties) = preSolution
		HideSolutionNode = FALSE
	EndGlobalSection
	GlobalSection(ExtensibilityGlobals) = postSolution
		SolutionGuid = {3355AC3A-77E8-42CA-9830-D37732148BFB}
	EndGlobalSection
EndGlobal
